
Microsoft Visual Studio Solution File, Format Version 12.00
# Visual Studio Version 16
VisualStudioVersion = 16.0.30907.101
MinimumVisualStudioVersion = 10.0.40219.1
Project("{8BC9CEB8-8B4A-11D0-8D11-00A0C91BC942}") = "OOP345_W3_Lecture_2", "OOP345_W3_Lecture_2.vcxproj", "{7A5CCCF3-9FBE-4E86-B697-F4E2716A6FFF}"
EndProject
Global
	GlobalSection(SolutionConfigurationPlatforms) = preSolution
		Debug|x64 = Debug|x64
		Debug|x86 = Debug|x86
		Release|x64 = Release|x64
		Release|x86 = Release|x86
	EndGlobalSection
	GlobalSection(ProjectConfigurationPlatforms) = postSolution
		{7A5CCCF3-9FBE-4E86-B697-F4E2716A6FFF}.Debug|x64.ActiveCfg = Debug|x64
		{7A5CCCF3-9FBE-4E86-B697-F4E2716A6FFF}.Debug|x64.Build.0 = Debug|x64
		{7A5CCCF3-9FBE-4E86-B697-F4E2716A6FFF}.Debug|x86.ActiveCfg = Debug|Win32
		{7A5CCCF3-9FBE-4E86-B697-F4E2716A6FFF}.Debug|x86.Build.0 = Debug|Win32
		{7A5CCCF3-9FBE-4E86-B697-F4E2716A6FFF}.Release|x64.ActiveCfg = Release|x64
		{7A5CCCF3-9FBE-4E86-B697-F4E2716A6FFF}.Release|x64.Build.0 = Release|x64
		{7A5CCCF3-9FBE-4E86-B697-F4E2716A6FFF}.Release|x86.ActiveCfg = Release|Win32
		{7A5CCCF3-9FBE-4E86-B697-F4E2716A6FFF}.Release|x86.Build.0 = Release|Win32
	EndGlobalSection
	GlobalSection(SolutionProperties) = preSolution
		HideSolutionNode = FALSE
	EndGlobalSection
	GlobalSection(ExtensibilityGlobals) = postSolution
		SolutionGuid = {ACDBE023-02FC-4FC6-BF4A-C05D1674AB23}
	EndGlobalSection
EndGlobal
